
Microsoft Visual Studio Solution File, Format Version 12.00
# Visual Studio 15
VisualStudioVersion = 15.0.27130.2010
MinimumVisualStudioVersion = 10.0.40219.1
Project("{FAE04EC0-301F-11D3-BF4B-00C04F79EFBC}") = "Nexos", "Nexos\Nexos.csproj", "{22B3D773-8E3D-4812-8EEA-8F4EFF362A7F}"
EndProject
Project("{FAE04EC0-301F-11D3-BF4B-00C04F79EFBC}") = "Nexos.Tests", "Nexos.Tests\Nexos.Tests.csproj", "{7E2E7331-8AE1-466F-9CA3-C7C220A27D4A}"
EndProject
Project("{FAE04EC0-301F-11D3-BF4B-00C04F79EFBC}") = "Datos", "Datos\Datos.csproj", "{B42CA335-68A0-4890-B7E1-E2EEE347FDC3}"
EndProject
Global
	GlobalSection(SolutionConfigurationPlatforms) = preSolution
		Debug|Any CPU = Debug|Any CPU
		Release|Any CPU = Release|Any CPU
	EndGlobalSection
	GlobalSection(ProjectConfigurationPlatforms) = postSolution
		{22B3D773-8E3D-4812-8EEA-8F4EFF362A7F}.Debug|Any CPU.ActiveCfg = Debug|Any CPU
		{22B3D773-8E3D-4812-8EEA-8F4EFF362A7F}.Debug|Any CPU.Build.0 = Debug|Any CPU
		{22B3D773-8E3D-4812-8EEA-8F4EFF362A7F}.Release|Any CPU.ActiveCfg = Release|Any CPU
		{22B3D773-8E3D-4812-8EEA-8F4EFF362A7F}.Release|Any CPU.Build.0 = Release|Any CPU
		{7E2E7331-8AE1-466F-9CA3-C7C220A27D4A}.Debug|Any CPU.ActiveCfg = Debug|Any CPU
		{7E2E7331-8AE1-466F-9CA3-C7C220A27D4A}.Debug|Any CPU.Build.0 = Debug|Any CPU
		{7E2E7331-8AE1-466F-9CA3-C7C220A27D4A}.Release|Any CPU.ActiveCfg = Release|Any CPU
		{7E2E7331-8AE1-466F-9CA3-C7C220A27D4A}.Release|Any CPU.Build.0 = Release|Any CPU
		{B42CA335-68A0-4890-B7E1-E2EEE347FDC3}.Debug|Any CPU.ActiveCfg = Debug|Any CPU
		{B42CA335-68A0-4890-B7E1-E2EEE347FDC3}.Debug|Any CPU.Build.0 = Debug|Any CPU
		{B42CA335-68A0-4890-B7E1-E2EEE347FDC3}.Release|Any CPU.ActiveCfg = Release|Any CPU
		{B42CA335-68A0-4890-B7E1-E2EEE347FDC3}.Release|Any CPU.Build.0 = Release|Any CPU
	EndGlobalSection
	GlobalSection(SolutionProperties) = preSolution
		HideSolutionNode = FALSE
	EndGlobalSection
	GlobalSection(ExtensibilityGlobals) = postSolution
		SolutionGuid = {D38B4B1E-FE99-4134-9561-6269DCF1C730}
	EndGlobalSection
EndGlobal
